github.com/Code-Hex/updater v0.0.0-20160712085121-c3f278672520 h1:AhI5ytq4dAam2scBpgeQY/9kz/covK9/NMyzO3e8350=
github.com/Code-Hex/updater v0.0.0-20160712085121-c3f278672520/go.mod h1:RZRMRhdqo/22EdcyGiDJdIdCrptsRDEbqQ8/bswHV1E=
github.com/antonholmquist/jason v1.0.0 h1:Ytg94Bcf1Bfi965K2q0s22mig/n4eGqEij/atENBhA0=
github.com/antonholmquist/jason v1.0.0/go.mod h1:+GxMEKI0Va2U8h3os6oiUAetHAlGMvxjdpAH/9uvUMA=
github.com/asaskevich/govalidator v0.0.0-20180319081651-7d2e70ef918f h1:/8NcnxL60YFll4ehCwibKotx0BR9v2ND40fomga8qDs=
github.com/asaskevich/govalidator v0.0.0-20180319081651-7d2e70ef918f/go.mod h1:lB+ZfQJz7igIIfQNfa7Ml4HSf2uFQQRzpGGRXenZAgY=
github.com/jessevdk/go-flags v1.4.0 h1:4IU2WS7AumrZ/40jfhf4QVDMsQwqA7VEHozFRrGARJA=
github.com/jessevdk/go-flags v1.4.0/go.mod h1:4FA24M0QyGHXBuZZK/XkWh8h0e1EYbRYJSGM75WSRxI=
github.com/mattn/go-runewidth v0.0.2 h1:UnlwIPBGaTZfPQ6T1IGzPI0EkYAQmT9fAEJ/poFC63o=
github.com/mattn/go-runewidth v0.0.2/go.mod h1:LwmH8dsx7+W8Uxz3IHJYH5QSwggIsqBzpuz5H//U1FU=
github.com/mcuadros/go-version v0.0.0-20180611085657-6d5863ca60fa h1:XvNrttGMJfVrUqblGju4IkjYXwx6l5OAAyjaIsydzsk=
github.com/mcuadros/go-version v0.0.0-20180611085657-6d5863ca60fa/go.mod h1:76rfSfYPWj01Z85hUf/ituArm797mNKcvINh1OlsZKo=
github.com/pkg/errors v0.8.0/go.mod h1:bwawxfHBFNV+L2hUp1rHADufV3IMtnDRdf1r5NINEl0=
github.com/ricochet2200/go-disk-usage v0.0.0-20150921141558-f0d1b743428f h1:w4VLAgWDnrcBDFSi8Ppn/MrB/Z1A570+MV90CvMtVVA=
github.com/ricochet2200/go-disk-usage v0.0.0-20150921141558-f0d1b743428f/go.mod h1:yhevTRDiduxPJHQDCtlqUn53ojFPkRh/mKhMUzQUCpc=
github.com/ricochet2200/go-disk-usage/du v0.0.0-20150921141558-f0d1b743428f/go.mod h1:G7mAYYxgmS0lVkHyy2hEOLQCFB0DlQFTMLWggykrydY=
github.com/rs/dnscache v0.0.0-20180416055107-e51682bcba05 h1:BBEawHPzgbJDC2iqpIZQsgJ1vdFYcR1jzfQ6XUPRBcE=
github.com/rs/dnscache v0.0.0-20180416055107-e51682bcba05/go.mod h1:wCgl1r/tBYuvT7s3NuSZp0lbfFytPsThN7LH4Us8NHE=
golang.org/x/net v0.0.0-20180706051357-32a936f46389 h1:U+zCn5sqaq+q4hrnMrz9sgrW1yatwEOUgYkGt3u9ZOU=
golang.org/x/net v0.0.0-20180706051357-32a936f46389/go.mod h1:mL1N/T3taQHkDXs73rZJwtUhF3w3ftmwwsq0BUmARs4=
golang.org/x/net/context v0.0.0-20180706051357-32a936f46389/go.mod h1:G7mAYYxgmS0lVkHyy2hEOLQCFB0DlQFTMLWggykrydY=
golang.org/x/sync v0.0.0-20180314180146-1d60e4601c6f h1:wMNYb4v58l5UBM7MYRLPG6ZhfOqbKu7X5eyFl8ZhKvA=
golang.org/x/sync v0.0.0-20180314180146-1d60e4601c6f/go.mod h1:RxMgew5VJxzue5/jJTE5uejpjVlOe/izrB70Jof72aM=
golang.org/x/sync/errgroup v0.0.0-20180314180146-1d60e4601c6f/go.mod h1:G7mAYYxgmS0lVkHyy2hEOLQCFB0DlQFTMLWggykrydY=
golang.org/x/sys v0.0.0-20180707002001-3c6ecd8f22c6 h1:Cz4Qko2XI4t1PQc1ntprOvCDgdAh1ErauyEFKlFYTxw=
golang.org/x/sys v0.0.0-20180707002001-3c6ecd8f22c6/go.mod h1:STP8DvDyc/dI5b8T5hshtkjS+E42TnysNCUPdjciGhY=
golang.org/x/sys/unix v0.0.0-20180707002001-3c6ecd8f22c6/go.mod h1:G7mAYYxgmS0lVkHyy2hEOLQCFB0DlQFTMLWggykrydY=
gopkg.in/cheggaaa/pb.v1 v1.0.25 h1:Ev7yu1/f6+d+b3pi5vPdRPc6nNtP1umSfcWiEfRqv6I=
gopkg.in/cheggaaa/pb.v1 v1.0.25/go.mod h1:V/YB90LKu/1FcN3WVnfiiE5oMCibMjukxqG/qStrOgw=
